
Microsoft Visual Studio Solution File, Format Version 12.00
# Visual Studio Version 17
VisualStudioVersion = 17.3.32825.248
MinimumVisualStudioVersion = 10.0.40219.1
Project("{FAE04EC0-301F-11D3-BF4B-00C04F79EFBC}") = "EmployeestSeedConsoleApp", "EmployeestSeedConsoleApp\EmployeestSeedConsoleApp.csproj", "{B09676D4-B8CC-4A29-BEFC-AB5A9AACF3AD}"
EndProject
Global
	GlobalSection(SolutionConfigurationPlatforms) = preSolution
		Debug|Any CPU = Debug|Any CPU
		Release|Any CPU = Release|Any CPU
	EndGlobalSection
	GlobalSection(ProjectConfigurationPlatforms) = postSolution
		{B09676D4-B8CC-4A29-BEFC-AB5A9AACF3AD}.Debug|Any CPU.ActiveCfg = Debug|Any CPU
		{B09676D4-B8CC-4A29-BEFC-AB5A9AACF3AD}.Debug|Any CPU.Build.0 = Debug|Any CPU
		{B09676D4-B8CC-4A29-BEFC-AB5A9AACF3AD}.Release|Any CPU.ActiveCfg = Release|Any CPU
		{B09676D4-B8CC-4A29-BEFC-AB5A9AACF3AD}.Release|Any CPU.Build.0 = Release|Any CPU
	EndGlobalSection
	GlobalSection(SolutionProperties) = preSolution
		HideSolutionNode = FALSE
	EndGlobalSection
	GlobalSection(ExtensibilityGlobals) = postSolution
		SolutionGuid = {B944EFD9-6B46-410B-81A3-68C7FAB46849}
	EndGlobalSection
EndGlobal
